// !$*UTF8*$!
{
	archiveVersion = 1;
	classes = {
	};
	objectVersion = 48;
	objects = {

/* Begin PBXBuildFile section */
		F01745C0204D4E7C00AF5625 /* CardGameAppDelegate.m in Sources */ = {isa = PBXBuildFile; fileRef = F01745BF204D4E7C00AF5625 /* CardGameAppDelegate.m */; };
		F01745C3204D4E7C00AF5625 /* CardGameViewController.mm in Sources */ = {isa = PBXBuildFile; fileRef = F01745C2204D4E7C00AF5625 /* CardGameViewController.mm */; };
		F01745C6204D4E7C00AF5625 /* Main.storyboard in Resources */ = {isa = PBXBuildFile; fileRef = F01745C4204D4E7C00AF5625 /* Main.storyboard */; };
		F01745C8204D4E7C00AF5625 /* Assets.xcassets in Resources */ = {isa = PBXBuildFile; fileRef = F01745C7204D4E7C00AF5625 /* Assets.xcassets */; };
		F01745CB204D4E7C00AF5625 /* LaunchScreen.storyboard in Resources */ = {isa = PBXBuildFile; fileRef = F01745C9204D4E7C00AF5625 /* LaunchScreen.storyboard */; };
		F01745CE204D4E7C00AF5625 /* main.m in Sources */ = {isa = PBXBuildFile; fileRef = F01745CD204D4E7C00AF5625 /* main.m */; };
		F05F12122057EA5A00F40ED6 /* PlayingCardGameViewController.mm in Sources */ = {isa = PBXBuildFile; fileRef = F05F12102057EA5A00F40ED6 /* PlayingCardGameViewController.mm */; };
		F05F12182058000F00F40ED6 /* SetCard.mm in Sources */ = {isa = PBXBuildFile; fileRef = F05F12162058000F00F40ED6 /* SetCard.mm */; };
		F05F121B20580A9900F40ED6 /* SetCardDeck.mm in Sources */ = {isa = PBXBuildFile; fileRef = F05F121920580A9900F40ED6 /* SetCardDeck.mm */; };
		F05F122D20594C4600F40ED6 /* SetViewController.mm in Sources */ = {isa = PBXBuildFile; fileRef = F05F122B20594C4600F40ED6 /* SetViewController.mm */; };
		F05F1230205A567800F40ED6 /* PlayingCardMatchingGame.mm in Sources */ = {isa = PBXBuildFile; fileRef = F05F122E205A567800F40ED6 /* PlayingCardMatchingGame.mm */; };
		F05F1233205A569400F40ED6 /* SetMatchingGame.mm in Sources */ = {isa = PBXBuildFile; fileRef = F05F1231205A569400F40ED6 /* SetMatchingGame.mm */; };
		F05F1236205FB2EA00F40ED6 /* Grid.m in Sources */ = {isa = PBXBuildFile; fileRef = F05F1234205FB2EA00F40ED6 /* Grid.m */; };
		F05F1239205FB6D700F40ED6 /* PlayingCardView.mm in Sources */ = {isa = PBXBuildFile; fileRef = F05F1237205FB6D700F40ED6 /* PlayingCardView.mm */; };
		F0900FF52063B038007B6B6D /* CardView.mm in Sources */ = {isa = PBXBuildFile; fileRef = F0900FF32063B038007B6B6D /* CardView.mm */; };
		F0900FF92063EA59007B6B6D /* SetCardView.mm in Sources */ = {isa = PBXBuildFile; fileRef = F0900FF72063EA59007B6B6D /* SetCardView.mm */; };
		F0B9F17A204E829100DEAC77 /* PlayingCardDeck.mm in Sources */ = {isa = PBXBuildFile; fileRef = F0B9F178204E829100DEAC77 /* PlayingCardDeck.mm */; };
		F0B9F181204E8C1A00DEAC77 /* PlayingCard.mm in Sources */ = {isa = PBXBuildFile; fileRef = F0B9F17B204E8C1A00DEAC77 /* PlayingCard.mm */; };
		F0B9F182204E8C1A00DEAC77 /* Deck.mm in Sources */ = {isa = PBXBuildFile; fileRef = F0B9F17D204E8C1A00DEAC77 /* Deck.mm */; };
		F0B9F183204E8C1A00DEAC77 /* Card.mm in Sources */ = {isa = PBXBuildFile; fileRef = F0B9F180204E8C1A00DEAC77 /* Card.mm */; };
		F0B9F1CB204FD78D00DEAC77 /* CardMatchingGame.mm in Sources */ = {isa = PBXBuildFile; fileRef = F0B9F1C9204FD78D00DEAC77 /* CardMatchingGame.mm */; };
/* End PBXBuildFile section */

/* Begin PBXFileReference section */
		F01745BB204D4E7C00AF5625 /* Matchismo.app */ = {isa = PBXFileReference; explicitFileType = wrapper.application; includeInIndex = 0; path = Matchismo.app; sourceTree = BUILT_PRODUCTS_DIR; };
		F01745BE204D4E7C00AF5625 /* CardGameAppDelegate.h */ = {isa = PBXFileReference; lastKnownFileType = sourcecode.c.h; path = CardGameAppDelegate.h; sourceTree = "<group>"; };
		F01745BF204D4E7C00AF5625 /* CardGameAppDelegate.m */ = {isa = PBXFileReference; lastKnownFileType = sourcecode.c.objc; path = CardGameAppDelegate.m; sourceTree = "<group>"; };
		F01745C1204D4E7C00AF5625 /* CardGameViewController.h */ = {isa = PBXFileReference; lastKnownFileType = sourcecode.c.h; path = CardGameViewController.h; sourceTree = "<group>"; };
		F01745C2204D4E7C00AF5625 /* CardGameViewController.mm */ = {isa = PBXFileReference; lastKnownFileType = sourcecode.cpp.objcpp; path = CardGameViewController.mm; sourceTree = "<group>"; };
		F01745C5204D4E7C00AF5625 /* Base */ = {isa = PBXFileReference; lastKnownFileType = file.storyboard; name = Base; path = Base.lproj/Main.storyboard; sourceTree = "<group>"; };
		F01745C7204D4E7C00AF5625 /* Assets.xcassets */ = {isa = PBXFileReference; lastKnownFileType = folder.assetcatalog; path = Assets.xcassets; sourceTree = "<group>"; };
		F01745CA204D4E7C00AF5625 /* Base */ = {isa = PBXFileReference; lastKnownFileType = file.storyboard; name = Base; path = Base.lproj/LaunchScreen.storyboard; sourceTree = "<group>"; };
		F01745CC204D4E7C00AF5625 /* Info.plist */ = {isa = PBXFileReference; lastKnownFileType = text.plist.xml; path = Info.plist; sourceTree = "<group>"; };
		F01745CD204D4E7C00AF5625 /* main.m */ = {isa = PBXFileReference; lastKnownFileType = sourcecode.c.objc; path = main.m; sourceTree = "<group>"; };
		F05F12102057EA5A00F40ED6 /* PlayingCardGameViewController.mm */ = {isa = PBXFileReference; lastKnownFileType = sourcecode.cpp.objcpp; path = PlayingCardGameViewController.mm; sourceTree = "<group>"; };
		F05F12112057EA5A00F40ED6 /* PlayingCardGameViewController.h */ = {isa = PBXFileReference; lastKnownFileType = sourcecode.c.h; path = PlayingCardGameViewController.h; sourceTree = "<group>"; };
		F05F12162058000F00F40ED6 /* SetCard.mm */ = {isa = PBXFileReference; lastKnownFileType = sourcecode.cpp.objcpp; path = SetCard.mm; sourceTree = "<group>"; };
		F05F12172058000F00F40ED6 /* SetCard.h */ = {isa = PBXFileReference; lastKnownFileType = sourcecode.c.h; path = SetCard.h; sourceTree = "<group>"; };
		F05F121920580A9900F40ED6 /* SetCardDeck.mm */ = {isa = PBXFileReference; lastKnownFileType = sourcecode.cpp.objcpp; path = SetCardDeck.mm; sourceTree = "<group>"; };
		F05F121A20580A9900F40ED6 /* SetCardDeck.h */ = {isa = PBXFileReference; lastKnownFileType = sourcecode.c.h; path = SetCardDeck.h; sourceTree = "<group>"; };
		F05F122B20594C4600F40ED6 /* SetViewController.mm */ = {isa = PBXFileReference; lastKnownFileType = sourcecode.cpp.objcpp; path = SetViewController.mm; sourceTree = "<group>"; };
		F05F122C20594C4600F40ED6 /* SetViewController.h */ = {isa = PBXFileReference; lastKnownFileType = sourcecode.c.h; path = SetViewController.h; sourceTree = "<group>"; };
		F05F122E205A567800F40ED6 /* PlayingCardMatchingGame.mm */ = {isa = PBXFileReference; lastKnownFileType = sourcecode.cpp.objcpp; path = PlayingCardMatchingGame.mm; sourceTree = "<group>"; };
		F05F122F205A567800F40ED6 /* PlayingCardMatchingGame.h */ = {isa = PBXFileReference; lastKnownFileType = sourcecode.c.h; path = PlayingCardMatchingGame.h; sourceTree = "<group>"; };
		F05F1231205A569400F40ED6 /* SetMatchingGame.mm */ = {isa = PBXFileReference; lastKnownFileType = sourcecode.cpp.objcpp; path = SetMatchingGame.mm; sourceTree = "<group>"; };
		F05F1232205A569400F40ED6 /* SetMatchingGame.h */ = {isa = PBXFileReference; lastKnownFileType = sourcecode.c.h; path = SetMatchingGame.h; sourceTree = "<group>"; };
		F05F1234205FB2EA00F40ED6 /* Grid.m */ = {isa = PBXFileReference; fileEncoding = 4; lastKnownFileType = sourcecode.c.objc; path = Grid.m; sourceTree = "<group>"; };
		F05F1235205FB2EA00F40ED6 /* Grid.h */ = {isa = PBXFileReference; fileEncoding = 4; lastKnownFileType = sourcecode.c.h; path = Grid.h; sourceTree = "<group>"; };
		F05F1237205FB6D700F40ED6 /* PlayingCardView.mm */ = {isa = PBXFileReference; lastKnownFileType = sourcecode.cpp.objcpp; path = PlayingCardView.mm; sourceTree = "<group>"; };
		F05F1238205FB6D700F40ED6 /* PlayingCardView.h */ = {isa = PBXFileReference; lastKnownFileType = sourcecode.c.h; path = PlayingCardView.h; sourceTree = "<group>"; };
		F0900FF32063B038007B6B6D /* CardView.mm */ = {isa = PBXFileReference; lastKnownFileType = sourcecode.cpp.objcpp; path = CardView.mm; sourceTree = "<group>"; };
		F0900FF42063B038007B6B6D /* CardView.h */ = {isa = PBXFileReference; lastKnownFileType = sourcecode.c.h; path = CardView.h; sourceTree = "<group>"; };
		F0900FF72063EA59007B6B6D /* SetCardView.mm */ = {isa = PBXFileReference; lastKnownFileType = sourcecode.cpp.objcpp; path = SetCardView.mm; sourceTree = "<group>"; };
		F0900FF82063EA59007B6B6D /* SetCardView.h */ = {isa = PBXFileReference; lastKnownFileType = sourcecode.c.h; path = SetCardView.h; sourceTree = "<group>"; };
		F0B9F163204D829F00DEAC77 /* PrefixHeader.pch */ = {isa = PBXFileReference; lastKnownFileType = sourcecode.c.h; path = PrefixHeader.pch; sourceTree = "<group>"; };
		F0B9F178204E829100DEAC77 /* PlayingCardDeck.mm */ = {isa = PBXFileReference; lastKnownFileType = sourcecode.cpp.objcpp; path = PlayingCardDeck.mm; sourceTree = "<group>"; };
		F0B9F179204E829100DEAC77 /* PlayingCardDeck.h */ = {isa = PBXFileReference; lastKnownFileType = sourcecode.c.h; path = PlayingCardDeck.h; sourceTree = "<group>"; };
		F0B9F17B204E8C1A00DEAC77 /* PlayingCard.mm */ = {isa = PBXFileReference; fileEncoding = 4; lastKnownFileType = sourcecode.cpp.objcpp; path = PlayingCard.mm; sourceTree = "<group>"; };
		F0B9F17C204E8C1A00DEAC77 /* Card.h */ = {isa = PBXFileReference; fileEncoding = 4; indentWidth = 2; lastKnownFileType = sourcecode.c.h; path = Card.h; sourceTree = "<group>"; tabWidth = 2; };
		F0B9F17D204E8C1A00DEAC77 /* Deck.mm */ = {isa = PBXFileReference; fileEncoding = 4; indentWidth = 2; lastKnownFileType = sourcecode.cpp.objcpp; lineEnding = 0; path = Deck.mm; sourceTree = "<group>"; tabWidth = 2; usesTabs = 0; wrapsLines = 1; };
		F0B9F17E204E8C1A00DEAC77 /* PlayingCard.h */ = {isa = PBXFileReference; fileEncoding = 4; lastKnownFileType = sourcecode.c.h; path = PlayingCard.h; sourceTree = "<group>"; };
		F0B9F17F204E8C1A00DEAC77 /* Deck.h */ = {isa = PBXFileReference; fileEncoding = 4; lastKnownFileType = sourcecode.c.h; path = Deck.h; sourceTree = "<group>"; };
		F0B9F180204E8C1A00DEAC77 /* Card.mm */ = {isa = PBXFileReference; fileEncoding = 4; indentWidth = 4; lastKnownFileType = sourcecode.cpp.objcpp; path = Card.mm; sourceTree = "<group>"; };
		F0B9F1C9204FD78D00DEAC77 /* CardMatchingGame.mm */ = {isa = PBXFileReference; lastKnownFileType = sourcecode.cpp.objcpp; path = CardMatchingGame.mm; sourceTree = "<group>"; };
		F0B9F1CA204FD78D00DEAC77 /* CardMatchingGame.h */ = {isa = PBXFileReference; lastKnownFileType = sourcecode.c.h; path = CardMatchingGame.h; sourceTree = "<group>"; };
/* End PBXFileReference section */

/* Begin PBXFrameworksBuildPhase section */
		F01745B8204D4E7C00AF5625 /* Frameworks */ = {
			isa = PBXFrameworksBuildPhase;
			buildActionMask = 2147483647;
			files = (
			);
			runOnlyForDeploymentPostprocessing = 0;
		};
/* End PBXFrameworksBuildPhase section */

/* Begin PBXGroup section */
		F01745B2204D4E7C00AF5625 = {
			isa = PBXGroup;
			children = (
				F0B9F163204D829F00DEAC77 /* PrefixHeader.pch */,
				F01745BD204D4E7C00AF5625 /* Matchismo */,
				F01745BC204D4E7C00AF5625 /* Products */,
			);
			sourceTree = "<group>";
		};
		F01745BC204D4E7C00AF5625 /* Products */ = {
			isa = PBXGroup;
			children = (
				F01745BB204D4E7C00AF5625 /* Matchismo.app */,
			);
			name = Products;
			sourceTree = "<group>";
		};
		F01745BD204D4E7C00AF5625 /* Matchismo */ = {
			isa = PBXGroup;
			children = (
				F0900FF62063B07E007B6B6D /* View */,
				F05F127C2060012200F40ED6 /* Controller */,
				F0B9F16E204D869200DEAC77 /* Model */,
				F01745C4204D4E7C00AF5625 /* Main.storyboard */,
				F01745C9204D4E7C00AF5625 /* LaunchScreen.storyboard */,
				F01745C7204D4E7C00AF5625 /* Assets.xcassets */,
				F01745CC204D4E7C00AF5625 /* Info.plist */,
				F01745CD204D4E7C00AF5625 /* main.m */,
				F01745BE204D4E7C00AF5625 /* CardGameAppDelegate.h */,
				F01745BF204D4E7C00AF5625 /* CardGameAppDelegate.m */,
			);
			path = Matchismo;
			sourceTree = "<group>";
		};
		F05F127C2060012200F40ED6 /* Controller */ = {
			isa = PBXGroup;
			children = (
				F01745C2204D4E7C00AF5625 /* CardGameViewController.mm */,
				F01745C1204D4E7C00AF5625 /* CardGameViewController.h */,
				F05F12102057EA5A00F40ED6 /* PlayingCardGameViewController.mm */,
				F05F12112057EA5A00F40ED6 /* PlayingCardGameViewController.h */,
				F05F122B20594C4600F40ED6 /* SetViewController.mm */,
				F05F122C20594C4600F40ED6 /* SetViewController.h */,
			);
			name = Controller;
			sourceTree = "<group>";
		};
		F0900FF62063B07E007B6B6D /* View */ = {
			isa = PBXGroup;
			children = (
				F05F1237205FB6D700F40ED6 /* PlayingCardView.mm */,
				F05F1238205FB6D700F40ED6 /* PlayingCardView.h */,
				F0900FF32063B038007B6B6D /* CardView.mm */,
				F0900FF42063B038007B6B6D /* CardView.h */,
				F0900FF72063EA59007B6B6D /* SetCardView.mm */,
				F0900FF82063EA59007B6B6D /* SetCardView.h */,
			);
			name = View;
			sourceTree = "<group>";
		};
		F0B9F16E204D869200DEAC77 /* Model */ = {
			isa = PBXGroup;
			children = (
				F05F1235205FB2EA00F40ED6 /* Grid.h */,
				F05F1234205FB2EA00F40ED6 /* Grid.m */,
				F0B9F17C204E8C1A00DEAC77 /* Card.h */,
				F0B9F180204E8C1A00DEAC77 /* Card.mm */,
				F0B9F1C9204FD78D00DEAC77 /* CardMatchingGame.mm */,
				F0B9F1CA204FD78D00DEAC77 /* CardMatchingGame.h */,
				F05F122F205A567800F40ED6 /* PlayingCardMatchingGame.h */,
				F05F122E205A567800F40ED6 /* PlayingCardMatchingGame.mm */,
				F05F1232205A569400F40ED6 /* SetMatchingGame.h */,
				F05F1231205A569400F40ED6 /* SetMatchingGame.mm */,
				F0B9F17F204E8C1A00DEAC77 /* Deck.h */,
				F0B9F17D204E8C1A00DEAC77 /* Deck.mm */,
				F0B9F17E204E8C1A00DEAC77 /* PlayingCard.h */,
				F0B9F17B204E8C1A00DEAC77 /* PlayingCard.mm */,
				F05F12162058000F00F40ED6 /* SetCard.mm */,
				F05F12172058000F00F40ED6 /* SetCard.h */,
				F05F121920580A9900F40ED6 /* SetCardDeck.mm */,
				F05F121A20580A9900F40ED6 /* SetCardDeck.h */,
				F0B9F178204E829100DEAC77 /* PlayingCardDeck.mm */,
				F0B9F179204E829100DEAC77 /* PlayingCardDeck.h */,
			);
			name = Model;
			sourceTree = "<group>";
		};
/* End PBXGroup section */

/* Begin PBXNativeTarget section */
		F01745BA204D4E7C00AF5625 /* Matchismo */ = {
			isa = PBXNativeTarget;
			buildConfigurationList = F01745D1204D4E7C00AF5625 /* Build configuration list for PBXNativeTarget "Matchismo" */;
			buildPhases = (
				F01745B7204D4E7C00AF5625 /* Sources */,
				F01745B8204D4E7C00AF5625 /* Frameworks */,
				F01745B9204D4E7C00AF5625 /* Resources */,
			);
			buildRules = (
			);
			dependencies = (
			);
			name = Matchismo;
			productName = Matchismo;
			productReference = F01745BB204D4E7C00AF5625 /* Matchismo.app */;
			productType = "com.apple.product-type.application";
		};
/* End PBXNativeTarget section */

/* Begin PBXProject section */
		F01745B3204D4E7C00AF5625 /* Project object */ = {
			isa = PBXProject;
			attributes = {
				CLASSPREFIX = CardGame;
				LastUpgradeCheck = 0920;
				ORGANIZATIONNAME = Lightricks;
				TargetAttributes = {
					F01745BA204D4E7C00AF5625 = {
						CreatedOnToolsVersion = 9.2;
						ProvisioningStyle = Automatic;
					};
				};
			};
			buildConfigurationList = F01745B6204D4E7C00AF5625 /* Build configuration list for PBXProject "Matchismo" */;
			compatibilityVersion = "Xcode 8.0";
			developmentRegion = en;
			hasScannedForEncodings = 0;
			knownRegions = (
				en,
				Base,
			);
			mainGroup = F01745B2204D4E7C00AF5625;
			productRefGroup = F01745BC204D4E7C00AF5625 /* Products */;
			projectDirPath = "";
			projectRoot = "";
			targets = (
				F01745BA204D4E7C00AF5625 /* Matchismo */,
			);
		};
/* End PBXProject section */

/* Begin PBXResourcesBuildPhase section */
		F01745B9204D4E7C00AF5625 /* Resources */ = {
			isa = PBXResourcesBuildPhase;
			buildActionMask = 2147483647;
			files = (
				F01745CB204D4E7C00AF5625 /* LaunchScreen.storyboard in Resources */,
				F01745C8204D4E7C00AF5625 /* Assets.xcassets in Resources */,
				F01745C6204D4E7C00AF5625 /* Main.storyboard in Resources */,
			);
			runOnlyForDeploymentPostprocessing = 0;
		};
/* End PBXResourcesBuildPhase section */

/* Begin PBXSourcesBuildPhase section */
		F01745B7204D4E7C00AF5625 /* Sources */ = {
			isa = PBXSourcesBuildPhase;
			buildActionMask = 2147483647;
			files = (
				F0B9F182204E8C1A00DEAC77 /* Deck.mm in Sources */,
				F0B9F17A204E829100DEAC77 /* PlayingCardDeck.mm in Sources */,
				F05F1239205FB6D700F40ED6 /* PlayingCardView.mm in Sources */,
				F0B9F1CB204FD78D00DEAC77 /* CardMatchingGame.mm in Sources */,
				F05F1230205A567800F40ED6 /* PlayingCardMatchingGame.mm in Sources */,
				F0900FF92063EA59007B6B6D /* SetCardView.mm in Sources */,
				F05F1233205A569400F40ED6 /* SetMatchingGame.mm in Sources */,
				F05F121B20580A9900F40ED6 /* SetCardDeck.mm in Sources */,
				F05F122D20594C4600F40ED6 /* SetViewController.mm in Sources */,
				F05F12122057EA5A00F40ED6 /* PlayingCardGameViewController.mm in Sources */,
				F01745C3204D4E7C00AF5625 /* CardGameViewController.mm in Sources */,
				F0B9F183204E8C1A00DEAC77 /* Card.mm in Sources */,
				F05F1236205FB2EA00F40ED6 /* Grid.m in Sources */,
				F0B9F181204E8C1A00DEAC77 /* PlayingCard.mm in Sources */,
				F0900FF52063B038007B6B6D /* CardView.mm in Sources */,
				F01745CE204D4E7C00AF5625 /* main.m in Sources */,
				F05F12182058000F00F40ED6 /* SetCard.mm in Sources */,
				F01745C0204D4E7C00AF5625 /* CardGameAppDelegate.m in Sources */,
			);
			runOnlyForDeploymentPostprocessing = 0;
		};
/* End PBXSourcesBuildPhase section */

/* Begin PBXVariantGroup section */
		F01745C4204D4E7C00AF5625 /* Main.storyboard */ = {
			isa = PBXVariantGroup;
			children = (
				F01745C5204D4E7C00AF5625 /* Base */,
			);
			name = Main.storyboard;
			sourceTree = "<group>";
		};
		F01745C9204D4E7C00AF5625 /* LaunchScreen.storyboard */ = {
			isa = PBXVariantGroup;
			children = (
				F01745CA204D4E7C00AF5625 /* Base */,
			);
			name = LaunchScreen.storyboard;
			sourceTree = "<group>";
		};
/* End PBXVariantGroup section */

/* Begin XCBuildConfiguration section */
		F01745CF204D4E7C00AF5625 /* Debug */ = {
			isa = XCBuildConfiguration;
			buildSettings = {
				ALWAYS_SEARCH_USER_PATHS = NO;
				CLANG_ANALYZER_NONNULL = YES;
				CLANG_ANALYZER_NUMBER_OBJECT_CONVERSION = YES_AGGRESSIVE;
				CLANG_CXX_LANGUAGE_STANDARD = "gnu++14";
				CLANG_CXX_LIBRARY = "libc++";
				CLANG_ENABLE_MODULES = YES;
				CLANG_ENABLE_OBJC_ARC = YES;
				CLANG_WARN_BLOCK_CAPTURE_AUTORELEASING = YES;
				CLANG_WARN_BOOL_CONVERSION = YES;
				CLANG_WARN_COMMA = YES;
				CLANG_WARN_CONSTANT_CONVERSION = YES;
				CLANG_WARN_DIRECT_OBJC_ISA_USAGE = YES_ERROR;
				CLANG_WARN_DOCUMENTATION_COMMENTS = YES;
				CLANG_WARN_EMPTY_BODY = YES;
				CLANG_WARN_ENUM_CONVERSION = YES;
				CLANG_WARN_INFINITE_RECURSION = YES;
				CLANG_WARN_INT_CONVERSION = YES;
				CLANG_WARN_NON_LITERAL_NULL_CONVERSION = YES;
				CLANG_WARN_OBJC_LITERAL_CONVERSION = YES;
				CLANG_WARN_OBJC_ROOT_CLASS = YES_ERROR;
				CLANG_WARN_RANGE_LOOP_ANALYSIS = YES;
				CLANG_WARN_STRICT_PROTOTYPES = YES;
				CLANG_WARN_SUSPICIOUS_MOVE = YES;
				CLANG_WARN_UNGUARDED_AVAILABILITY = YES_AGGRESSIVE;
				CLANG_WARN_UNREACHABLE_CODE = YES;
				CLANG_WARN__DUPLICATE_METHOD_MATCH = YES;
				CODE_SIGN_IDENTITY = "iPhone Developer";
				COPY_PHASE_STRIP = NO;
				DEBUG_INFORMATION_FORMAT = dwarf;
				ENABLE_STRICT_OBJC_MSGSEND = YES;
				ENABLE_TESTABILITY = YES;
				GCC_C_LANGUAGE_STANDARD = gnu11;
				GCC_DYNAMIC_NO_PIC = NO;
				GCC_NO_COMMON_BLOCKS = YES;
				GCC_OPTIMIZATION_LEVEL = 0;
				GCC_PREPROCESSOR_DEFINITIONS = (
					"DEBUG=1",
					"$(inherited)",
				);
				GCC_WARN_64_TO_32_BIT_CONVERSION = YES;
				GCC_WARN_ABOUT_RETURN_TYPE = YES_ERROR;
				GCC_WARN_UNDECLARED_SELECTOR = YES;
				GCC_WARN_UNINITIALIZED_AUTOS = YES_AGGRESSIVE;
				GCC_WARN_UNUSED_FUNCTION = YES;
				GCC_WARN_UNUSED_VARIABLE = YES;
				IPHONEOS_DEPLOYMENT_TARGET = 11.2;
				MTL_ENABLE_DEBUG_INFO = YES;
				ONLY_ACTIVE_ARCH = YES;
				SDKROOT = iphoneos;
			};
			name = Debug;
		};
		F01745D0204D4E7C00AF5625 /* Release */ = {
			isa = XCBuildConfiguration;
			buildSettings = {
				ALWAYS_SEARCH_USER_PATHS = NO;
				CLANG_ANALYZER_NONNULL = YES;
				CLANG_ANALYZER_NUMBER_OBJECT_CONVERSION = YES_AGGRESSIVE;
				CLANG_CXX_LANGUAGE_STANDARD = "gnu++14";
				CLANG_CXX_LIBRARY = "libc++";
				CLANG_ENABLE_MODULES = YES;
				CLANG_ENABLE_OBJC_ARC = YES;
				CLANG_WARN_BLOCK_CAPTURE_AUTORELEASING = YES;
				CLANG_WARN_BOOL_CONVERSION = YES;
				CLANG_WARN_COMMA = YES;
				CLANG_WARN_CONSTANT_CONVERSION = YES;
				CLANG_WARN_DIRECT_OBJC_ISA_USAGE = YES_ERROR;
				CLANG_WARN_DOCUMENTATION_COMMENTS = YES;
				CLANG_WARN_EMPTY_BODY = YES;
				CLANG_WARN_ENUM_CONVERSION = YES;
				CLANG_WARN_INFINITE_RECURSION = YES;
				CLANG_WARN_INT_CONVERSION = YES;
				CLANG_WARN_NON_LITERAL_NULL_CONVERSION = YES;
				CLANG_WARN_OBJC_LITERAL_CONVERSION = YES;
				CLANG_WARN_OBJC_ROOT_CLASS = YES_ERROR;
				CLANG_WARN_RANGE_LOOP_ANALYSIS = YES;
				CLANG_WARN_STRICT_PROTOTYPES = YES;
				CLANG_WARN_SUSPICIOUS_MOVE = YES;
				CLANG_WARN_UNGUARDED_AVAILABILITY = YES_AGGRESSIVE;
				CLANG_WARN_UNREACHABLE_CODE = YES;
				CLANG_WARN__DUPLICATE_METHOD_MATCH = YES;
				CODE_SIGN_IDENTITY = "iPhone Developer";
				COPY_PHASE_STRIP = NO;
				DEBUG_INFORMATION_FORMAT = "dwarf-with-dsym";
				ENABLE_NS_ASSERTIONS = NO;
				ENABLE_STRICT_OBJC_MSGSEND = YES;
				GCC_C_LANGUAGE_STANDARD = gnu11;
				GCC_NO_COMMON_BLOCKS = YES;
				GCC_WARN_64_TO_32_BIT_CONVERSION = YES;
				GCC_WARN_ABOUT_RETURN_TYPE = YES_ERROR;
				GCC_WARN_UNDECLARED_SELECTOR = YES;
				GCC_WARN_UNINITIALIZED_AUTOS = YES_AGGRESSIVE;
				GCC_WARN_UNUSED_FUNCTION = YES;
				GCC_WARN_UNUSED_VARIABLE = YES;
				IPHONEOS_DEPLOYMENT_TARGET = 11.2;
				MTL_ENABLE_DEBUG_INFO = NO;
				SDKROOT = iphoneos;
				VALIDATE_PRODUCT = YES;
			};
			name = Release;
		};
		F01745D2204D4E7C00AF5625 /* Debug */ = {
			isa = XCBuildConfiguration;
			buildSettings = {
				ASSETCATALOG_COMPILER_APPICON_NAME = AppIcon;
				CODE_SIGN_STYLE = Automatic;
				DEVELOPMENT_TEAM = UQB9X4NQ3F;
				GCC_PREFIX_HEADER = PrefixHeader.pch;
				INFOPLIST_FILE = Matchismo/Info.plist;
				LD_RUNPATH_SEARCH_PATHS = "$(inherited) @executable_path/Frameworks";
				PRODUCT_BUNDLE_IDENTIFIER = lt.Matchismo1;
				PRODUCT_NAME = "$(TARGET_NAME)";
				TARGETED_DEVICE_FAMILY = "1,2";
			};
			name = Debug;
		};
		F01745D3204D4E7C00AF5625 /* Release */ = {
			isa = XCBuildConfiguration;
			buildSettings = {
				ASSETCATALOG_COMPILER_APPICON_NAME = AppIcon;
				CODE_SIGN_STYLE = Automatic;
				DEVELOPMENT_TEAM = UQB9X4NQ3F;
				GCC_PREFIX_HEADER = PrefixHeader.pch;
				INFOPLIST_FILE = Matchismo/Info.plist;
				LD_RUNPATH_SEARCH_PATHS = "$(inherited) @executable_path/Frameworks";
				PRODUCT_BUNDLE_IDENTIFIER = lt.Matchismo1;
				PRODUCT_NAME = "$(TARGET_NAME)";
				TARGETED_DEVICE_FAMILY = "1,2";
			};
			name = Release;
		};
/* End XCBuildConfiguration section */

/* Begin XCConfigurationList section */
		F01745B6204D4E7C00AF5625 /* Build configuration list for PBXProject "Matchismo" */ = {
			isa = XCConfigurationList;
			buildConfigurations = (
				F01745CF204D4E7C00AF5625 /* Debug */,
				F01745D0204D4E7C00AF5625 /* Release */,
			);
			defaultConfigurationIsVisible = 0;
			defaultConfigurationName = Release;
		};
		F01745D1204D4E7C00AF5625 /* Build configuration list for PBXNativeTarget "Matchismo" */ = {
			isa = XCConfigurationList;
			buildConfigurations = (
				F01745D2204D4E7C00AF5625 /* Debug */,
				F01745D3204D4E7C00AF5625 /* Release */,
			);
			defaultConfigurationIsVisible = 0;
			defaultConfigurationName = Release;
		};
/* End XCConfigurationList section */
	};
	rootObject = F01745B3204D4E7C00AF5625 /* Project object */;
}
